
Microsoft Visual Studio Solution File, Format Version 12.00
# Visual Studio Version 16
VisualStudioVersion = 16.0.31729.503
MinimumVisualStudioVersion = 10.0.40219.1
Project("{FAE04EC0-301F-11D3-BF4B-00C04F79EFBC}") = "BatteryControl", "BatteryControl.csproj", "{F6052CC9-2B0A-4F5E-8E0A-3594F0364D0B}"
EndProject
Global
	GlobalSection(SolutionConfigurationPlatforms) = preSolution
		Debug|Any CPU = Debug|Any CPU
		Release|Any CPU = Release|Any CPU
	EndGlobalSection
	GlobalSection(ProjectConfigurationPlatforms) = postSolution
		{F6052CC9-2B0A-4F5E-8E0A-3594F0364D0B}.Debug|Any CPU.ActiveCfg = Debug|Any CPU
		{F6052CC9-2B0A-4F5E-8E0A-3594F0364D0B}.Debug|Any CPU.Build.0 = Debug|Any CPU
		{F6052CC9-2B0A-4F5E-8E0A-3594F0364D0B}.Release|Any CPU.ActiveCfg = Release|Any CPU
		{F6052CC9-2B0A-4F5E-8E0A-3594F0364D0B}.Release|Any CPU.Build.0 = Release|Any CPU
	EndGlobalSection
	GlobalSection(SolutionProperties) = preSolution
		HideSolutionNode = FALSE
	EndGlobalSection
	GlobalSection(ExtensibilityGlobals) = postSolution
		SolutionGuid = {A5E1DBB1-F600-460E-9E86-E2437CF6D99F}
	EndGlobalSection
EndGlobal
